// !$*UTF8*$!
{
	archiveVersion = 1;
	classes = {
	};
	objectVersion = 56;
	objects = {

/* Begin PBXBuildFile section */
		DD2F86B12CA28A75001C7C0C /* RitzCommerceApp.swift in Sources */ = {isa = PBXBuildFile; fileRef = DD2F86B02CA28A75001C7C0C /* RitzCommerceApp.swift */; };
		DD2F86B32CA28A76001C7C0C /* ContentView.swift in Sources */ = {isa = PBXBuildFile; fileRef = DD2F86B22CA28A76001C7C0C /* ContentView.swift */; };
		DD2F86B52CA28A76001C7C0C /* Item.swift in Sources */ = {isa = PBXBuildFile; fileRef = DD2F86B42CA28A76001C7C0C /* Item.swift */; };
		DD2F86B72CA28A78001C7C0C /* Assets.xcassets in Resources */ = {isa = PBXBuildFile; fileRef = DD2F86B62CA28A78001C7C0C /* Assets.xcassets */; };
		DD2F86BA2CA28A78001C7C0C /* Preview Assets.xcassets in Resources */ = {isa = PBXBuildFile; fileRef = DD2F86B92CA28A78001C7C0C /* Preview Assets.xcassets */; };
		DD2F86C52CA28C30001C7C0C /* product.json in Resources */ = {isa = PBXBuildFile; fileRef = DD2F86C12CA28C30001C7C0C /* product.json */; };
		DD2F86C62CA28C30001C7C0C /* player.json in Resources */ = {isa = PBXBuildFile; fileRef = DD2F86C22CA28C30001C7C0C /* player.json */; };
		DD2F86C72CA28C30001C7C0C /* category.json in Resources */ = {isa = PBXBuildFile; fileRef = DD2F86C32CA28C30001C7C0C /* category.json */; };
		DD2F86C82CA28C30001C7C0C /* brand.json in Resources */ = {isa = PBXBuildFile; fileRef = DD2F86C42CA28C30001C7C0C /* brand.json */; };
		DDDCA2F52CA5ED350091AB77 /* Constant.swift in Sources */ = {isa = PBXBuildFile; fileRef = DDDCA2F42CA5ED350091AB77 /* Constant.swift */; };
		DDDCA2F72CA5EEE90091AB77 /* CustomShape.swift in Sources */ = {isa = PBXBuildFile; fileRef = DDDCA2F62CA5EEE90091AB77 /* CustomShape.swift */; };
		DDDCA2F92CA5EF150091AB77 /* Shop.swift in Sources */ = {isa = PBXBuildFile; fileRef = DDDCA2F82CA5EF150091AB77 /* Shop.swift */; };
		DDDCA2FB2CA5EF3F0091AB77 /* CodableBundleExtension.swift in Sources */ = {isa = PBXBuildFile; fileRef = DDDCA2FA2CA5EF3F0091AB77 /* CodableBundleExtension.swift */; };
		DDDCA2FD2CA5F6840091AB77 /* BrandModel.swift in Sources */ = {isa = PBXBuildFile; fileRef = DDDCA2FC2CA5F6840091AB77 /* BrandModel.swift */; };
		DDDCA2FF2CA5F6A10091AB77 /* CategoryModel.swift in Sources */ = {isa = PBXBuildFile; fileRef = DDDCA2FE2CA5F6A10091AB77 /* CategoryModel.swift */; };
		DDDCA3012CA5F79B0091AB77 /* PlayerModel.swift in Sources */ = {isa = PBXBuildFile; fileRef = DDDCA3002CA5F79B0091AB77 /* PlayerModel.swift */; };
		DDDCA3032CA5F7B80091AB77 /* ProductModel.swift in Sources */ = {isa = PBXBuildFile; fileRef = DDDCA3022CA5F7B80091AB77 /* ProductModel.swift */; };
		DDDCA3112CA5F8140091AB77 /* FooterView.swift in Sources */ = {isa = PBXBuildFile; fileRef = DDDCA3042CA5F8130091AB77 /* FooterView.swift */; };
		DDDCA3122CA5F8140091AB77 /* BrandGridView.swift in Sources */ = {isa = PBXBuildFile; fileRef = DDDCA3052CA5F8140091AB77 /* BrandGridView.swift */; };
		DDDCA3142CA5F8140091AB77 /* TitleView.swift in Sources */ = {isa = PBXBuildFile; fileRef = DDDCA3072CA5F8140091AB77 /* TitleView.swift */; };
		DDDCA3152CA5F8140091AB77 /* SectionView.swift in Sources */ = {isa = PBXBuildFile; fileRef = DDDCA3082CA5F8140091AB77 /* SectionView.swift */; };
		DDDCA3162CA5F8140091AB77 /* CategoryGridView.swift in Sources */ = {isa = PBXBuildFile; fileRef = DDDCA3092CA5F8140091AB77 /* CategoryGridView.swift */; };
		DDDCA3172CA5F8140091AB77 /* LogoView.swift in Sources */ = {isa = PBXBuildFile; fileRef = DDDCA30A2CA5F8140091AB77 /* LogoView.swift */; };
		DDDCA3182CA5F8140091AB77 /* BrandItemView.swift in Sources */ = {isa = PBXBuildFile; fileRef = DDDCA30B2CA5F8140091AB77 /* BrandItemView.swift */; };
		DDDCA3192CA5F8140091AB77 /* FeaturedItemView.swift in Sources */ = {isa = PBXBuildFile; fileRef = DDDCA30C2CA5F8140091AB77 /* FeaturedItemView.swift */; };
		DDDCA31A2CA5F8140091AB77 /* CategoryItemView.swift in Sources */ = {isa = PBXBuildFile; fileRef = DDDCA30D2CA5F8140091AB77 /* CategoryItemView.swift */; };
		DDDCA31B2CA5F8140091AB77 /* FeaturedTabView.swift in Sources */ = {isa = PBXBuildFile; fileRef = DDDCA30E2CA5F8140091AB77 /* FeaturedTabView.swift */; };
		DDDCA31C2CA5F8140091AB77 /* ProductItemView.swift in Sources */ = {isa = PBXBuildFile; fileRef = DDDCA30F2CA5F8140091AB77 /* ProductItemView.swift */; };
		DDDCA31D2CA5F8140091AB77 /* NavigationBarView.swift in Sources */ = {isa = PBXBuildFile; fileRef = DDDCA3102CA5F8140091AB77 /* NavigationBarView.swift */; };
		DDDCA3242CA5F9510091AB77 /* NavigationBarDetailView.swift in Sources */ = {isa = PBXBuildFile; fileRef = DDDCA31E2CA5F9500091AB77 /* NavigationBarDetailView.swift */; };
		DDDCA3252CA5F9510091AB77 /* HeaderDetailView.swift in Sources */ = {isa = PBXBuildFile; fileRef = DDDCA31F2CA5F9510091AB77 /* HeaderDetailView.swift */; };
		DDDCA3262CA5F9510091AB77 /* TopPartDetailView.swift in Sources */ = {isa = PBXBuildFile; fileRef = DDDCA3202CA5F9510091AB77 /* TopPartDetailView.swift */; };
		DDDCA3272CA5F9510091AB77 /* QuantityFavouriteDetailView.swift in Sources */ = {isa = PBXBuildFile; fileRef = DDDCA3212CA5F9510091AB77 /* QuantityFavouriteDetailView.swift */; };
		DDDCA3282CA5F9510091AB77 /* AddToCartDetailView.swift in Sources */ = {isa = PBXBuildFile; fileRef = DDDCA3222CA5F9510091AB77 /* AddToCartDetailView.swift */; };
		DDDCA3292CA5F9510091AB77 /* RatingsSizesDetailView.swift in Sources */ = {isa = PBXBuildFile; fileRef = DDDCA3232CA5F9510091AB77 /* RatingsSizesDetailView.swift */; };
		DDDCA32B2CA5FA220091AB77 /* ProductDetailView.swift in Sources */ = {isa = PBXBuildFile; fileRef = DDDCA32A2CA5FA220091AB77 /* ProductDetailView.swift */; };
/* End PBXBuildFile section */

/* Begin PBXFileReference section */
		DD2F86AD2CA28A75001C7C0C /* RitzCommerce.app */ = {isa = PBXFileReference; explicitFileType = wrapper.application; includeInIndex = 0; path = RitzCommerce.app; sourceTree = BUILT_PRODUCTS_DIR; };
		DD2F86B02CA28A75001C7C0C /* RitzCommerceApp.swift */ = {isa = PBXFileReference; lastKnownFileType = sourcecode.swift; path = RitzCommerceApp.swift; sourceTree = "<group>"; };
		DD2F86B22CA28A76001C7C0C /* ContentView.swift */ = {isa = PBXFileReference; lastKnownFileType = sourcecode.swift; path = ContentView.swift; sourceTree = "<group>"; };
		DD2F86B42CA28A76001C7C0C /* Item.swift */ = {isa = PBXFileReference; lastKnownFileType = sourcecode.swift; path = Item.swift; sourceTree = "<group>"; };
		DD2F86B62CA28A78001C7C0C /* Assets.xcassets */ = {isa = PBXFileReference; lastKnownFileType = folder.assetcatalog; path = Assets.xcassets; sourceTree = "<group>"; };
		DD2F86B92CA28A78001C7C0C /* Preview Assets.xcassets */ = {isa = PBXFileReference; lastKnownFileType = folder.assetcatalog; path = "Preview Assets.xcassets"; sourceTree = "<group>"; };
		DD2F86C12CA28C30001C7C0C /* product.json */ = {isa = PBXFileReference; fileEncoding = 4; lastKnownFileType = text.json; path = product.json; sourceTree = "<group>"; };
		DD2F86C22CA28C30001C7C0C /* player.json */ = {isa = PBXFileReference; fileEncoding = 4; lastKnownFileType = text.json; path = player.json; sourceTree = "<group>"; };
		DD2F86C32CA28C30001C7C0C /* category.json */ = {isa = PBXFileReference; fileEncoding = 4; lastKnownFileType = text.json; path = category.json; sourceTree = "<group>"; };
		DD2F86C42CA28C30001C7C0C /* brand.json */ = {isa = PBXFileReference; fileEncoding = 4; lastKnownFileType = text.json; path = brand.json; sourceTree = "<group>"; };
		DD2F86C92CA28CBD001C7C0C /* Info.plist */ = {isa = PBXFileReference; lastKnownFileType = text.plist; path = Info.plist; sourceTree = "<group>"; };
		DDDCA2F42CA5ED350091AB77 /* Constant.swift */ = {isa = PBXFileReference; lastKnownFileType = sourcecode.swift; path = Constant.swift; sourceTree = "<group>"; };
		DDDCA2F62CA5EEE90091AB77 /* CustomShape.swift */ = {isa = PBXFileReference; lastKnownFileType = sourcecode.swift; path = CustomShape.swift; sourceTree = "<group>"; };
		DDDCA2F82CA5EF150091AB77 /* Shop.swift */ = {isa = PBXFileReference; lastKnownFileType = sourcecode.swift; path = Shop.swift; sourceTree = "<group>"; };
		DDDCA2FA2CA5EF3F0091AB77 /* CodableBundleExtension.swift */ = {isa = PBXFileReference; lastKnownFileType = sourcecode.swift; path = CodableBundleExtension.swift; sourceTree = "<group>"; };
		DDDCA2FC2CA5F6840091AB77 /* BrandModel.swift */ = {isa = PBXFileReference; lastKnownFileType = sourcecode.swift; path = BrandModel.swift; sourceTree = "<group>"; };
		DDDCA2FE2CA5F6A10091AB77 /* CategoryModel.swift */ = {isa = PBXFileReference; lastKnownFileType = sourcecode.swift; path = CategoryModel.swift; sourceTree = "<group>"; };
		DDDCA3002CA5F79B0091AB77 /* PlayerModel.swift */ = {isa = PBXFileReference; lastKnownFileType = sourcecode.swift; path = PlayerModel.swift; sourceTree = "<group>"; };
		DDDCA3022CA5F7B80091AB77 /* ProductModel.swift */ = {isa = PBXFileReference; lastKnownFileType = sourcecode.swift; path = ProductModel.swift; sourceTree = "<group>"; };
		DDDCA3042CA5F8130091AB77 /* FooterView.swift */ = {isa = PBXFileReference; fileEncoding = 4; lastKnownFileType = sourcecode.swift; path = FooterView.swift; sourceTree = "<group>"; };
		DDDCA3052CA5F8140091AB77 /* BrandGridView.swift */ = {isa = PBXFileReference; fileEncoding = 4; lastKnownFileType = sourcecode.swift; path = BrandGridView.swift; sourceTree = "<group>"; };
		DDDCA3072CA5F8140091AB77 /* TitleView.swift */ = {isa = PBXFileReference; fileEncoding = 4; lastKnownFileType = sourcecode.swift; path = TitleView.swift; sourceTree = "<group>"; };
		DDDCA3082CA5F8140091AB77 /* SectionView.swift */ = {isa = PBXFileReference; fileEncoding = 4; lastKnownFileType = sourcecode.swift; path = SectionView.swift; sourceTree = "<group>"; };
		DDDCA3092CA5F8140091AB77 /* CategoryGridView.swift */ = {isa = PBXFileReference; fileEncoding = 4; lastKnownFileType = sourcecode.swift; path = CategoryGridView.swift; sourceTree = "<group>"; };
		DDDCA30A2CA5F8140091AB77 /* LogoView.swift */ = {isa = PBXFileReference; fileEncoding = 4; lastKnownFileType = sourcecode.swift; path = LogoView.swift; sourceTree = "<group>"; };
		DDDCA30B2CA5F8140091AB77 /* BrandItemView.swift */ = {isa = PBXFileReference; fileEncoding = 4; lastKnownFileType = sourcecode.swift; path = BrandItemView.swift; sourceTree = "<group>"; };
		DDDCA30C2CA5F8140091AB77 /* FeaturedItemView.swift */ = {isa = PBXFileReference; fileEncoding = 4; lastKnownFileType = sourcecode.swift; path = FeaturedItemView.swift; sourceTree = "<group>"; };
		DDDCA30D2CA5F8140091AB77 /* CategoryItemView.swift */ = {isa = PBXFileReference; fileEncoding = 4; lastKnownFileType = sourcecode.swift; path = CategoryItemView.swift; sourceTree = "<group>"; };
		DDDCA30E2CA5F8140091AB77 /* FeaturedTabView.swift */ = {isa = PBXFileReference; fileEncoding = 4; lastKnownFileType = sourcecode.swift; path = FeaturedTabView.swift; sourceTree = "<group>"; };
		DDDCA30F2CA5F8140091AB77 /* ProductItemView.swift */ = {isa = PBXFileReference; fileEncoding = 4; lastKnownFileType = sourcecode.swift; path = ProductItemView.swift; sourceTree = "<group>"; };
		DDDCA3102CA5F8140091AB77 /* NavigationBarView.swift */ = {isa = PBXFileReference; fileEncoding = 4; lastKnownFileType = sourcecode.swift; path = NavigationBarView.swift; sourceTree = "<group>"; };
		DDDCA31E2CA5F9500091AB77 /* NavigationBarDetailView.swift */ = {isa = PBXFileReference; fileEncoding = 4; lastKnownFileType = sourcecode.swift; path = NavigationBarDetailView.swift; sourceTree = "<group>"; };
		DDDCA31F2CA5F9510091AB77 /* HeaderDetailView.swift */ = {isa = PBXFileReference; fileEncoding = 4; lastKnownFileType = sourcecode.swift; path = HeaderDetailView.swift; sourceTree = "<group>"; };
		DDDCA3202CA5F9510091AB77 /* TopPartDetailView.swift */ = {isa = PBXFileReference; fileEncoding = 4; lastKnownFileType = sourcecode.swift; path = TopPartDetailView.swift; sourceTree = "<group>"; };
		DDDCA3212CA5F9510091AB77 /* QuantityFavouriteDetailView.swift */ = {isa = PBXFileReference; fileEncoding = 4; lastKnownFileType = sourcecode.swift; path = QuantityFavouriteDetailView.swift; sourceTree = "<group>"; };
		DDDCA3222CA5F9510091AB77 /* AddToCartDetailView.swift */ = {isa = PBXFileReference; fileEncoding = 4; lastKnownFileType = sourcecode.swift; path = AddToCartDetailView.swift; sourceTree = "<group>"; };
		DDDCA3232CA5F9510091AB77 /* RatingsSizesDetailView.swift */ = {isa = PBXFileReference; fileEncoding = 4; lastKnownFileType = sourcecode.swift; path = RatingsSizesDetailView.swift; sourceTree = "<group>"; };
		DDDCA32A2CA5FA220091AB77 /* ProductDetailView.swift */ = {isa = PBXFileReference; lastKnownFileType = sourcecode.swift; path = ProductDetailView.swift; sourceTree = "<group>"; };
/* End PBXFileReference section */

/* Begin PBXFrameworksBuildPhase section */
		DD2F86AA2CA28A75001C7C0C /* Frameworks */ = {
			isa = PBXFrameworksBuildPhase;
			buildActionMask = 2147483647;
			files = (
			);
			runOnlyForDeploymentPostprocessing = 0;
		};
/* End PBXFrameworksBuildPhase section */

/* Begin PBXGroup section */
		DD2F86A42CA28A75001C7C0C = {
			isa = PBXGroup;
			children = (
				DD2F86AF2CA28A75001C7C0C /* RitzCommerce */,
				DD2F86AE2CA28A75001C7C0C /* Products */,
			);
			sourceTree = "<group>";
		};
		DD2F86AE2CA28A75001C7C0C /* Products */ = {
			isa = PBXGroup;
			children = (
				DD2F86AD2CA28A75001C7C0C /* RitzCommerce.app */,
			);
			name = Products;
			sourceTree = "<group>";
		};
		DD2F86AF2CA28A75001C7C0C /* RitzCommerce */ = {
			isa = PBXGroup;
			children = (
				DD2F86D02CA28DCA001C7C0C /* Utility */,
				DD2F86CF2CA28DC4001C7C0C /* Extension */,
				DD2F86CE2CA28DBE001C7C0C /* Model */,
				DD2F86CB2CA28D97001C7C0C /* View */,
				DD2F86C92CA28CBD001C7C0C /* Info.plist */,
				DD2F86C02CA28C23001C7C0C /* Data */,
				DD2F86CA2CA28D86001C7C0C /* App */,
				DD2F86B42CA28A76001C7C0C /* Item.swift */,
				DD2F86B62CA28A78001C7C0C /* Assets.xcassets */,
				DD2F86B82CA28A78001C7C0C /* Preview Content */,
			);
			path = RitzCommerce;
			sourceTree = "<group>";
		};
		DD2F86B82CA28A78001C7C0C /* Preview Content */ = {
			isa = PBXGroup;
			children = (
				DD2F86B92CA28A78001C7C0C /* Preview Assets.xcassets */,
			);
			path = "Preview Content";
			sourceTree = "<group>";
		};
		DD2F86C02CA28C23001C7C0C /* Data */ = {
			isa = PBXGroup;
			children = (
				DD2F86C42CA28C30001C7C0C /* brand.json */,
				DD2F86C32CA28C30001C7C0C /* category.json */,
				DD2F86C22CA28C30001C7C0C /* player.json */,
				DD2F86C12CA28C30001C7C0C /* product.json */,
			);
			path = Data;
			sourceTree = "<group>";
		};
		DD2F86CA2CA28D86001C7C0C /* App */ = {
			isa = PBXGroup;
			children = (
				DD2F86B22CA28A76001C7C0C /* ContentView.swift */,
				DD2F86B02CA28A75001C7C0C /* RitzCommerceApp.swift */,
				DDDCA32A2CA5FA220091AB77 /* ProductDetailView.swift */,
			);
			path = App;
			sourceTree = "<group>";
		};
		DD2F86CB2CA28D97001C7C0C /* View */ = {
			isa = PBXGroup;
			children = (
				DD2F86CD2CA28DAE001C7C0C /* Home */,
				DD2F86CC2CA28DA7001C7C0C /* Detail */,
			);
			path = View;
			sourceTree = "<group>";
		};
		DD2F86CC2CA28DA7001C7C0C /* Detail */ = {
			isa = PBXGroup;
			children = (
				DDDCA3222CA5F9510091AB77 /* AddToCartDetailView.swift */,
				DDDCA31F2CA5F9510091AB77 /* HeaderDetailView.swift */,
				DDDCA31E2CA5F9500091AB77 /* NavigationBarDetailView.swift */,
				DDDCA3212CA5F9510091AB77 /* QuantityFavouriteDetailView.swift */,
				DDDCA3232CA5F9510091AB77 /* RatingsSizesDetailView.swift */,
				DDDCA3202CA5F9510091AB77 /* TopPartDetailView.swift */,
			);
			path = Detail;
			sourceTree = "<group>";
		};
		DD2F86CD2CA28DAE001C7C0C /* Home */ = {
			isa = PBXGroup;
			children = (
				DDDCA3052CA5F8140091AB77 /* BrandGridView.swift */,
				DDDCA30B2CA5F8140091AB77 /* BrandItemView.swift */,
				DDDCA3092CA5F8140091AB77 /* CategoryGridView.swift */,
				DDDCA30D2CA5F8140091AB77 /* CategoryItemView.swift */,
				DDDCA30C2CA5F8140091AB77 /* FeaturedItemView.swift */,
				DDDCA30E2CA5F8140091AB77 /* FeaturedTabView.swift */,
				DDDCA3042CA5F8130091AB77 /* FooterView.swift */,
				DDDCA30A2CA5F8140091AB77 /* LogoView.swift */,
				DDDCA3102CA5F8140091AB77 /* NavigationBarView.swift */,
				DDDCA30F2CA5F8140091AB77 /* ProductItemView.swift */,
				DDDCA3082CA5F8140091AB77 /* SectionView.swift */,
				DDDCA3072CA5F8140091AB77 /* TitleView.swift */,
			);
			path = Home;
			sourceTree = "<group>";
		};
		DD2F86CE2CA28DBE001C7C0C /* Model */ = {
			isa = PBXGroup;
			children = (
				DDDCA2FC2CA5F6840091AB77 /* BrandModel.swift */,
				DDDCA2FE2CA5F6A10091AB77 /* CategoryModel.swift */,
				DDDCA3002CA5F79B0091AB77 /* PlayerModel.swift */,
				DDDCA3022CA5F7B80091AB77 /* ProductModel.swift */,
			);
			path = Model;
			sourceTree = "<group>";
		};
		DD2F86CF2CA28DC4001C7C0C /* Extension */ = {
			isa = PBXGroup;
			children = (
				DDDCA2FA2CA5EF3F0091AB77 /* CodableBundleExtension.swift */,
			);
			path = Extension;
			sourceTree = "<group>";
		};
		DD2F86D02CA28DCA001C7C0C /* Utility */ = {
			isa = PBXGroup;
			children = (
				DDDCA2F42CA5ED350091AB77 /* Constant.swift */,
				DDDCA2F62CA5EEE90091AB77 /* CustomShape.swift */,
				DDDCA2F82CA5EF150091AB77 /* Shop.swift */,
			);
			path = Utility;
			sourceTree = "<group>";
		};
/* End PBXGroup section */

/* Begin PBXNativeTarget section */
		DD2F86AC2CA28A75001C7C0C /* RitzCommerce */ = {
			isa = PBXNativeTarget;
			buildConfigurationList = DD2F86BD2CA28A78001C7C0C /* Build configuration list for PBXNativeTarget "RitzCommerce" */;
			buildPhases = (
				DD2F86A92CA28A75001C7C0C /* Sources */,
				DD2F86AA2CA28A75001C7C0C /* Frameworks */,
				DD2F86AB2CA28A75001C7C0C /* Resources */,
			);
			buildRules = (
			);
			dependencies = (
			);
			name = RitzCommerce;
			productName = RitzCommerce;
			productReference = DD2F86AD2CA28A75001C7C0C /* RitzCommerce.app */;
			productType = "com.apple.product-type.application";
		};
/* End PBXNativeTarget section */

/* Begin PBXProject section */
		DD2F86A52CA28A75001C7C0C /* Project object */ = {
			isa = PBXProject;
			attributes = {
				BuildIndependentTargetsInParallel = 1;
				LastSwiftUpdateCheck = 1540;
				LastUpgradeCheck = 1540;
				TargetAttributes = {
					DD2F86AC2CA28A75001C7C0C = {
						CreatedOnToolsVersion = 15.4;
					};
				};
			};
			buildConfigurationList = DD2F86A82CA28A75001C7C0C /* Build configuration list for PBXProject "RitzCommerce" */;
			compatibilityVersion = "Xcode 14.0";
			developmentRegion = en;
			hasScannedForEncodings = 0;
			knownRegions = (
				en,
				Base,
			);
			mainGroup = DD2F86A42CA28A75001C7C0C;
			productRefGroup = DD2F86AE2CA28A75001C7C0C /* Products */;
			projectDirPath = "";
			projectRoot = "";
			targets = (
				DD2F86AC2CA28A75001C7C0C /* RitzCommerce */,
			);
		};
/* End PBXProject section */

/* Begin PBXResourcesBuildPhase section */
		DD2F86AB2CA28A75001C7C0C /* Resources */ = {
			isa = PBXResourcesBuildPhase;
			buildActionMask = 2147483647;
			files = (
				DD2F86C62CA28C30001C7C0C /* player.json in Resources */,
				DD2F86BA2CA28A78001C7C0C /* Preview Assets.xcassets in Resources */,
				DD2F86C72CA28C30001C7C0C /* category.json in Resources */,
				DD2F86B72CA28A78001C7C0C /* Assets.xcassets in Resources */,
				DD2F86C52CA28C30001C7C0C /* product.json in Resources */,
				DD2F86C82CA28C30001C7C0C /* brand.json in Resources */,
			);
			runOnlyForDeploymentPostprocessing = 0;
		};
/* End PBXResourcesBuildPhase section */

/* Begin PBXSourcesBuildPhase section */
		DD2F86A92CA28A75001C7C0C /* Sources */ = {
			isa = PBXSourcesBuildPhase;
			buildActionMask = 2147483647;
			files = (
				DDDCA3162CA5F8140091AB77 /* CategoryGridView.swift in Sources */,
				DDDCA3172CA5F8140091AB77 /* LogoView.swift in Sources */,
				DDDCA31D2CA5F8140091AB77 /* NavigationBarView.swift in Sources */,
				DDDCA3242CA5F9510091AB77 /* NavigationBarDetailView.swift in Sources */,
				DDDCA31A2CA5F8140091AB77 /* CategoryItemView.swift in Sources */,
				DDDCA3012CA5F79B0091AB77 /* PlayerModel.swift in Sources */,
				DDDCA31C2CA5F8140091AB77 /* ProductItemView.swift in Sources */,
				DDDCA2F72CA5EEE90091AB77 /* CustomShape.swift in Sources */,
				DDDCA3282CA5F9510091AB77 /* AddToCartDetailView.swift in Sources */,
				DDDCA31B2CA5F8140091AB77 /* FeaturedTabView.swift in Sources */,
				DDDCA3122CA5F8140091AB77 /* BrandGridView.swift in Sources */,
				DDDCA32B2CA5FA220091AB77 /* ProductDetailView.swift in Sources */,
				DDDCA3252CA5F9510091AB77 /* HeaderDetailView.swift in Sources */,
				DD2F86B32CA28A76001C7C0C /* ContentView.swift in Sources */,
				DDDCA3192CA5F8140091AB77 /* FeaturedItemView.swift in Sources */,
				DD2F86B52CA28A76001C7C0C /* Item.swift in Sources */,
				DDDCA3262CA5F9510091AB77 /* TopPartDetailView.swift in Sources */,
				DDDCA2F92CA5EF150091AB77 /* Shop.swift in Sources */,
				DDDCA2FB2CA5EF3F0091AB77 /* CodableBundleExtension.swift in Sources */,
				DDDCA2FD2CA5F6840091AB77 /* BrandModel.swift in Sources */,
				DDDCA3032CA5F7B80091AB77 /* ProductModel.swift in Sources */,
				DDDCA3182CA5F8140091AB77 /* BrandItemView.swift in Sources */,
				DD2F86B12CA28A75001C7C0C /* RitzCommerceApp.swift in Sources */,
				DDDCA3112CA5F8140091AB77 /* FooterView.swift in Sources */,
				DDDCA3152CA5F8140091AB77 /* SectionView.swift in Sources */,
				DDDCA2FF2CA5F6A10091AB77 /* CategoryModel.swift in Sources */,
				DDDCA3292CA5F9510091AB77 /* RatingsSizesDetailView.swift in Sources */,
				DDDCA2F52CA5ED350091AB77 /* Constant.swift in Sources */,
				DDDCA3272CA5F9510091AB77 /* QuantityFavouriteDetailView.swift in Sources */,
				DDDCA3142CA5F8140091AB77 /* TitleView.swift in Sources */,
			);
			runOnlyForDeploymentPostprocessing = 0;
		};
/* End PBXSourcesBuildPhase section */

/* Begin XCBuildConfiguration section */
		DD2F86BB2CA28A78001C7C0C /* Debug */ = {
			isa = XCBuildConfiguration;
			buildSettings = {
				ALWAYS_SEARCH_USER_PATHS = NO;
				ASSETCATALOG_COMPILER_GENERATE_SWIFT_ASSET_SYMBOL_EXTENSIONS = YES;
				CLANG_ANALYZER_NONNULL = YES;
				CLANG_ANALYZER_NUMBER_OBJECT_CONVERSION = YES_AGGRESSIVE;
				CLANG_CXX_LANGUAGE_STANDARD = "gnu++20";
				CLANG_ENABLE_MODULES = YES;
				CLANG_ENABLE_OBJC_ARC = YES;
				CLANG_ENABLE_OBJC_WEAK = YES;
				CLANG_WARN_BLOCK_CAPTURE_AUTORELEASING = YES;
				CLANG_WARN_BOOL_CONVERSION = YES;
				CLANG_WARN_COMMA = YES;
				CLANG_WARN_CONSTANT_CONVERSION = YES;
				CLANG_WARN_DEPRECATED_OBJC_IMPLEMENTATIONS = YES;
				CLANG_WARN_DIRECT_OBJC_ISA_USAGE = YES_ERROR;
				CLANG_WARN_DOCUMENTATION_COMMENTS = YES;
				CLANG_WARN_EMPTY_BODY = YES;
				CLANG_WARN_ENUM_CONVERSION = YES;
				CLANG_WARN_INFINITE_RECURSION = YES;
				CLANG_WARN_INT_CONVERSION = YES;
				CLANG_WARN_NON_LITERAL_NULL_CONVERSION = YES;
				CLANG_WARN_OBJC_IMPLICIT_RETAIN_SELF = YES;
				CLANG_WARN_OBJC_LITERAL_CONVERSION = YES;
				CLANG_WARN_OBJC_ROOT_CLASS = YES_ERROR;
				CLANG_WARN_QUOTED_INCLUDE_IN_FRAMEWORK_HEADER = YES;
				CLANG_WARN_RANGE_LOOP_ANALYSIS = YES;
				CLANG_WARN_STRICT_PROTOTYPES = YES;
				CLANG_WARN_SUSPICIOUS_MOVE = YES;
				CLANG_WARN_UNGUARDED_AVAILABILITY = YES_AGGRESSIVE;
				CLANG_WARN_UNREACHABLE_CODE = YES;
				CLANG_WARN__DUPLICATE_METHOD_MATCH = YES;
				COPY_PHASE_STRIP = NO;
				DEBUG_INFORMATION_FORMAT = dwarf;
				ENABLE_STRICT_OBJC_MSGSEND = YES;
				ENABLE_TESTABILITY = YES;
				ENABLE_USER_SCRIPT_SANDBOXING = YES;
				GCC_C_LANGUAGE_STANDARD = gnu17;
				GCC_DYNAMIC_NO_PIC = NO;
				GCC_NO_COMMON_BLOCKS = YES;
				GCC_OPTIMIZATION_LEVEL = 0;
				GCC_PREPROCESSOR_DEFINITIONS = (
					"DEBUG=1",
					"$(inherited)",
				);
				GCC_WARN_64_TO_32_BIT_CONVERSION = YES;
				GCC_WARN_ABOUT_RETURN_TYPE = YES_ERROR;
				GCC_WARN_UNDECLARED_SELECTOR = YES;
				GCC_WARN_UNINITIALIZED_AUTOS = YES_AGGRESSIVE;
				GCC_WARN_UNUSED_FUNCTION = YES;
				GCC_WARN_UNUSED_VARIABLE = YES;
				IPHONEOS_DEPLOYMENT_TARGET = 17.5;
				LOCALIZATION_PREFERS_STRING_CATALOGS = YES;
				MTL_ENABLE_DEBUG_INFO = INCLUDE_SOURCE;
				MTL_FAST_MATH = YES;
				ONLY_ACTIVE_ARCH = YES;
				SDKROOT = iphoneos;
				SWIFT_ACTIVE_COMPILATION_CONDITIONS = "DEBUG $(inherited)";
				SWIFT_OPTIMIZATION_LEVEL = "-Onone";
			};
			name = Debug;
		};
		DD2F86BC2CA28A78001C7C0C /* Release */ = {
			isa = XCBuildConfiguration;
			buildSettings = {
				ALWAYS_SEARCH_USER_PATHS = NO;
				ASSETCATALOG_COMPILER_GENERATE_SWIFT_ASSET_SYMBOL_EXTENSIONS = YES;
				CLANG_ANALYZER_NONNULL = YES;
				CLANG_ANALYZER_NUMBER_OBJECT_CONVERSION = YES_AGGRESSIVE;
				CLANG_CXX_LANGUAGE_STANDARD = "gnu++20";
				CLANG_ENABLE_MODULES = YES;
				CLANG_ENABLE_OBJC_ARC = YES;
				CLANG_ENABLE_OBJC_WEAK = YES;
				CLANG_WARN_BLOCK_CAPTURE_AUTORELEASING = YES;
				CLANG_WARN_BOOL_CONVERSION = YES;
				CLANG_WARN_COMMA = YES;
				CLANG_WARN_CONSTANT_CONVERSION = YES;
				CLANG_WARN_DEPRECATED_OBJC_IMPLEMENTATIONS = YES;
				CLANG_WARN_DIRECT_OBJC_ISA_USAGE = YES_ERROR;
				CLANG_WARN_DOCUMENTATION_COMMENTS = YES;
				CLANG_WARN_EMPTY_BODY = YES;
				CLANG_WARN_ENUM_CONVERSION = YES;
				CLANG_WARN_INFINITE_RECURSION = YES;
				CLANG_WARN_INT_CONVERSION = YES;
				CLANG_WARN_NON_LITERAL_NULL_CONVERSION = YES;
				CLANG_WARN_OBJC_IMPLICIT_RETAIN_SELF = YES;
				CLANG_WARN_OBJC_LITERAL_CONVERSION = YES;
				CLANG_WARN_OBJC_ROOT_CLASS = YES_ERROR;
				CLANG_WARN_QUOTED_INCLUDE_IN_FRAMEWORK_HEADER = YES;
				CLANG_WARN_RANGE_LOOP_ANALYSIS = YES;
				CLANG_WARN_STRICT_PROTOTYPES = YES;
				CLANG_WARN_SUSPICIOUS_MOVE = YES;
				CLANG_WARN_UNGUARDED_AVAILABILITY = YES_AGGRESSIVE;
				CLANG_WARN_UNREACHABLE_CODE = YES;
				CLANG_WARN__DUPLICATE_METHOD_MATCH = YES;
				COPY_PHASE_STRIP = NO;
				DEBUG_INFORMATION_FORMAT = "dwarf-with-dsym";
				ENABLE_NS_ASSERTIONS = NO;
				ENABLE_STRICT_OBJC_MSGSEND = YES;
				ENABLE_USER_SCRIPT_SANDBOXING = YES;
				GCC_C_LANGUAGE_STANDARD = gnu17;
				GCC_NO_COMMON_BLOCKS = YES;
				GCC_WARN_64_TO_32_BIT_CONVERSION = YES;
				GCC_WARN_ABOUT_RETURN_TYPE = YES_ERROR;
				GCC_WARN_UNDECLARED_SELECTOR = YES;
				GCC_WARN_UNINITIALIZED_AUTOS = YES_AGGRESSIVE;
				GCC_WARN_UNUSED_FUNCTION = YES;
				GCC_WARN_UNUSED_VARIABLE = YES;
				IPHONEOS_DEPLOYMENT_TARGET = 17.5;
				LOCALIZATION_PREFERS_STRING_CATALOGS = YES;
				MTL_ENABLE_DEBUG_INFO = NO;
				MTL_FAST_MATH = YES;
				SDKROOT = iphoneos;
				SWIFT_COMPILATION_MODE = wholemodule;
				VALIDATE_PRODUCT = YES;
			};
			name = Release;
		};
		DD2F86BE2CA28A78001C7C0C /* Debug */ = {
			isa = XCBuildConfiguration;
			buildSettings = {
				ASSETCATALOG_COMPILER_APPICON_NAME = AppIcon;
				ASSETCATALOG_COMPILER_GLOBAL_ACCENT_COLOR_NAME = AccentColor;
				CODE_SIGN_STYLE = Automatic;
				CURRENT_PROJECT_VERSION = 1;
				DEVELOPMENT_ASSET_PATHS = "\"RitzCommerce/Preview Content\"";
				DEVELOPMENT_TEAM = 3SXDZ2G37Q;
				ENABLE_PREVIEWS = YES;
				GENERATE_INFOPLIST_FILE = YES;
				INFOPLIST_FILE = RitzCommerce/Info.plist;
				INFOPLIST_KEY_UIApplicationSceneManifest_Generation = YES;
				INFOPLIST_KEY_UIApplicationSupportsIndirectInputEvents = YES;
				INFOPLIST_KEY_UISupportedInterfaceOrientations = UIInterfaceOrientationPortrait;
				INFOPLIST_KEY_UISupportedInterfaceOrientations_iPad = "UIInterfaceOrientationLandscapeLeft UIInterfaceOrientationLandscapeRight UIInterfaceOrientationPortrait UIInterfaceOrientationPortraitUpsideDown";
				INFOPLIST_KEY_UIUserInterfaceStyle = Light;
				LD_RUNPATH_SEARCH_PATHS = (
					"$(inherited)",
					"@executable_path/Frameworks",
				);
				MARKETING_VERSION = 1.0;
				PRODUCT_BUNDLE_IDENTIFIER = MonicaKennedy.RitzCommerce;
				PRODUCT_NAME = "$(TARGET_NAME)";
				SWIFT_EMIT_LOC_STRINGS = YES;
				SWIFT_VERSION = 5.0;
				TARGETED_DEVICE_FAMILY = "1,2";
			};
			name = Debug;
		};
		DD2F86BF2CA28A78001C7C0C /* Release */ = {
			isa = XCBuildConfiguration;
			buildSettings = {
				ASSETCATALOG_COMPILER_APPICON_NAME = AppIcon;
				ASSETCATALOG_COMPILER_GLOBAL_ACCENT_COLOR_NAME = AccentColor;
				CODE_SIGN_STYLE = Automatic;
				CURRENT_PROJECT_VERSION = 1;
				DEVELOPMENT_ASSET_PATHS = "\"RitzCommerce/Preview Content\"";
				DEVELOPMENT_TEAM = 3SXDZ2G37Q;
				ENABLE_PREVIEWS = YES;
				GENERATE_INFOPLIST_FILE = YES;
				INFOPLIST_FILE = RitzCommerce/Info.plist;
				INFOPLIST_KEY_UIApplicationSceneManifest_Generation = YES;
				INFOPLIST_KEY_UIApplicationSupportsIndirectInputEvents = YES;
				INFOPLIST_KEY_UISupportedInterfaceOrientations = UIInterfaceOrientationPortrait;
				INFOPLIST_KEY_UISupportedInterfaceOrientations_iPad = "UIInterfaceOrientationLandscapeLeft UIInterfaceOrientationLandscapeRight UIInterfaceOrientationPortrait UIInterfaceOrientationPortraitUpsideDown";
				INFOPLIST_KEY_UIUserInterfaceStyle = Light;
				LD_RUNPATH_SEARCH_PATHS = (
					"$(inherited)",
					"@executable_path/Frameworks",
				);
				MARKETING_VERSION = 1.0;
				PRODUCT_BUNDLE_IDENTIFIER = MonicaKennedy.RitzCommerce;
				PRODUCT_NAME = "$(TARGET_NAME)";
				SWIFT_EMIT_LOC_STRINGS = YES;
				SWIFT_VERSION = 5.0;
				TARGETED_DEVICE_FAMILY = "1,2";
			};
			name = Release;
		};
/* End XCBuildConfiguration section */

/* Begin XCConfigurationList section */
		DD2F86A82CA28A75001C7C0C /* Build configuration list for PBXProject "RitzCommerce" */ = {
			isa = XCConfigurationList;
			buildConfigurations = (
				DD2F86BB2CA28A78001C7C0C /* Debug */,
				DD2F86BC2CA28A78001C7C0C /* Release */,
			);
			defaultConfigurationIsVisible = 0;
			defaultConfigurationName = Release;
		};
		DD2F86BD2CA28A78001C7C0C /* Build configuration list for PBXNativeTarget "RitzCommerce" */ = {
			isa = XCConfigurationList;
			buildConfigurations = (
				DD2F86BE2CA28A78001C7C0C /* Debug */,
				DD2F86BF2CA28A78001C7C0C /* Release */,
			);
			defaultConfigurationIsVisible = 0;
			defaultConfigurationName = Release;
		};
/* End XCConfigurationList section */
	};
	rootObject = DD2F86A52CA28A75001C7C0C /* Project object */;
}
